{
    "_readme": [
        "This file locks the dependencies of your project to a known state",
        "Read more about it at https://getcomposer.org/doc/01-basic-usage.md#installing-dependencies",
        "This file is @generated automatically"
    ],
    "content-hash": "4283ac6052d09da798a12295c36d40c8",
    "packages": [
        {
            "name": "mojtabaahn/php-persian-number-to-words",
            "version": "1.2.0",
            "source": {
                "type": "git",
                "url": "https://github.com/mojtabaahn/php-persian-number-to-words.git",
                "reference": "a426642c0288a959c7cf2a20febd683f9333615b"
            },
            "dist": {
                "type": "zip",
                "url": "https://api.github.com/repos/mojtabaahn/php-persian-number-to-words/zipball/a426642c0288a959c7cf2a20febd683f9333615b",
                "reference": "a426642c0288a959c7cf2a20febd683f9333615b",
                "shasum": ""
            },
            "require": {
                "php": "^7.4|^8.0"
            },
            "require-dev": {
                "pestphp/pest": "^0.2.3|^1.0",
                "phpunit/phpunit": "^9.0"
            },
            "type": "library",
            "autoload": {
                "psr-4": {
                    "MojtabaaHN\\PersianNumberToWords\\": "./src"
                }
            },
            "notification-url": "https://packagist.org/downloads/",
            "license": [
                "MIT"
            ],
            "authors": [
                {
                    "name": "mojtabaa hn",
                    "email": "mojtabaa.hn@gmail.com",
                    "role": "Developer"
                }
            ],
            "description": "Converts number to words in persian",
            "homepage": "https://github.com/mojtabaahn/php-number-to-words",
            "keywords": [
                "numbers-to-words",
                "persian"
            ],
            "support": {
                "issues": "https://github.com/mojtabaahn/php-persian-number-to-words/issues",
                "source": "https://github.com/mojtabaahn/php-persian-number-to-words/tree/1.2.0"
            },
            "time": "2023-09-29T06:27:46+00:00"
        }
    ],
    "packages-dev": [],
    "aliases": [],
    "minimum-stability": "stable",
    "stability-flags": {},
    "prefer-stable": false,
    "prefer-lowest": false,
    "platform": {},
    "platform-dev": {},
    "plugin-api-version": "2.6.0"
}
